
Microsoft Visual Studio Solution File, Format Version 12.00
# Visual Studio Version 16
VisualStudioVersion = 16.0.33801.447
MinimumVisualStudioVersion = 10.0.40219.1
Project("{FAE04EC0-301F-11D3-BF4B-00C04F79EFBC}") = "Health Calculator", "Health Calculator.csproj", "{DA61A459-F7F6-4B8C-B4D2-B12DEF52F4D6}"
EndProject
Global
	GlobalSection(SolutionConfigurationPlatforms) = preSolution
		Debug|Any CPU = Debug|Any CPU
		Release|Any CPU = Release|Any CPU
	EndGlobalSection
	GlobalSection(ProjectConfigurationPlatforms) = postSolution
		{DA61A459-F7F6-4B8C-B4D2-B12DEF52F4D6}.Debug|Any CPU.ActiveCfg = Debug|Any CPU
		{DA61A459-F7F6-4B8C-B4D2-B12DEF52F4D6}.Debug|Any CPU.Build.0 = Debug|Any CPU
		{DA61A459-F7F6-4B8C-B4D2-B12DEF52F4D6}.Release|Any CPU.ActiveCfg = Release|Any CPU
		{DA61A459-F7F6-4B8C-B4D2-B12DEF52F4D6}.Release|Any CPU.Build.0 = Release|Any CPU
	EndGlobalSection
	GlobalSection(SolutionProperties) = preSolution
		HideSolutionNode = FALSE
	EndGlobalSection
	GlobalSection(ExtensibilityGlobals) = postSolution
		SolutionGuid = {7DDF2F59-D02A-459B-A442-6B01F55D1FF1}
	EndGlobalSection
EndGlobal
